{
  "name": "fun_practice",
  "version": "3.3.2",
  "lockfileVersion": 2,
  "requires": true,
  "packages": {
    "": {
      "name": "fun_practice",
      "version": "3.3.2",
      "devDependencies": {
        "@types/node": "^16.11.17"
      }
    },
    "node_modules/@types/node": {
      "version": "16.11.17",
      "resolved": "https://registry.npmjs.org/@types/node/-/node-16.11.17.tgz",
      "integrity": "sha512-C1vTZME8cFo8uxY2ui41xcynEotVkczIVI5AjLmy5pkpBv/FtG+jhtOlfcPysI8VRVwoOMv6NJm44LGnoMSWkw==",
      "dev": true
    }
  },
  "dependencies": {
    "@types/node": {
      "version": "16.11.17",
      "resolved": "https://registry.npmjs.org/@types/node/-/node-16.11.17.tgz",
      "integrity": "sha512-C1vTZME8cFo8uxY2ui41xcynEotVkczIVI5AjLmy5pkpBv/FtG+jhtOlfcPysI8VRVwoOMv6NJm44LGnoMSWkw==",
      "dev": true
    }
  }
}
